
Microsoft Visual Studio Solution File, Format Version 12.00
# Visual Studio 15
VisualStudioVersion = 15.0.27703.2026
MinimumVisualStudioVersion = 10.0.40219.1
Project("{FAE04EC0-301F-11D3-BF4B-00C04F79EFBC}") = "Scanet.Android", "Scanet\Scanet.Android\Scanet.Android.csproj", "{8462D10F-59CC-438A-AB2E-7B5FCFDF3491}"
EndProject
Project("{FAE04EC0-301F-11D3-BF4B-00C04F79EFBC}") = "Scanet.iOS", "Scanet\Scanet.iOS\Scanet.iOS.csproj", "{DEEC8925-D3DD-4266-9F20-88BBFE843633}"
EndProject
Project("{FAE04EC0-301F-11D3-BF4B-00C04F79EFBC}") = "Scanet.UWP", "Scanet\Scanet.UWP\Scanet.UWP.csproj", "{924D5A33-7313-4740-98FC-F955F89744E5}"
EndProject
Project("{FAE04EC0-301F-11D3-BF4B-00C04F79EFBC}") = "Scanet", "Scanet\Scanet\Scanet.csproj", "{F471FECA-31C8-4195-8BE8-982DC14C37C8}"
EndProject
Global
	GlobalSection(SolutionConfigurationPlatforms) = preSolution
		Ad-Hoc|Any CPU = Ad-Hoc|Any CPU
		Ad-Hoc|ARM = Ad-Hoc|ARM
		Ad-Hoc|iPhone = Ad-Hoc|iPhone
		Ad-Hoc|iPhoneSimulator = Ad-Hoc|iPhoneSimulator
		Ad-Hoc|x64 = Ad-Hoc|x64
		Ad-Hoc|x86 = Ad-Hoc|x86
		AppStore|Any CPU = AppStore|Any CPU
		AppStore|ARM = AppStore|ARM
		AppStore|iPhone = AppStore|iPhone
		AppStore|iPhoneSimulator = AppStore|iPhoneSimulator
		AppStore|x64 = AppStore|x64
		AppStore|x86 = AppStore|x86
		Debug|Any CPU = Debug|Any CPU
		Debug|ARM = Debug|ARM
		Debug|iPhone = Debug|iPhone
		Debug|iPhoneSimulator = Debug|iPhoneSimulator
		Debug|x64 = Debug|x64
		Debug|x86 = Debug|x86
		Release|Any CPU = Release|Any CPU
		Release|ARM = Release|ARM
		Release|iPhone = Release|iPhone
		Release|iPhoneSimulator = Release|iPhoneSimulator
		Release|x64 = Release|x64
		Release|x86 = Release|x86
	EndGlobalSection
	GlobalSection(ProjectConfigurationPlatforms) = postSolution
		{8462D10F-59CC-438A-AB2E-7B5FCFDF3491}.Ad-Hoc|Any CPU.ActiveCfg = Release|Any CPU
		{8462D10F-59CC-438A-AB2E-7B5FCFDF3491}.Ad-Hoc|Any CPU.Build.0 = Release|Any CPU
		{8462D10F-59CC-438A-AB2E-7B5FCFDF3491}.Ad-Hoc|Any CPU.Deploy.0 = Release|Any CPU
		{8462D10F-59CC-438A-AB2E-7B5FCFDF3491}.Ad-Hoc|ARM.ActiveCfg = Release|Any CPU
		{8462D10F-59CC-438A-AB2E-7B5FCFDF3491}.Ad-Hoc|ARM.Build.0 = Release|Any CPU
		{8462D10F-59CC-438A-AB2E-7B5FCFDF3491}.Ad-Hoc|ARM.Deploy.0 = Release|Any CPU
		{8462D10F-59CC-438A-AB2E-7B5FCFDF3491}.Ad-Hoc|iPhone.ActiveCfg = Release|Any CPU
		{8462D10F-59CC-438A-AB2E-7B5FCFDF3491}.Ad-Hoc|iPhone.Build.0 = Release|Any CPU
		{8462D10F-59CC-438A-AB2E-7B5FCFDF3491}.Ad-Hoc|iPhone.Deploy.0 = Release|Any CPU
		{8462D10F-59CC-438A-AB2E-7B5FCFDF3491}.Ad-Hoc|iPhoneSimulator.ActiveCfg = Release|Any CPU
		{8462D10F-59CC-438A-AB2E-7B5FCFDF3491}.Ad-Hoc|iPhoneSimulator.Build.0 = Release|Any CPU
		{8462D10F-59CC-438A-AB2E-7B5FCFDF3491}.Ad-Hoc|iPhoneSimulator.Deploy.0 = Release|Any CPU
		{8462D10F-59CC-438A-AB2E-7B5FCFDF3491}.Ad-Hoc|x64.ActiveCfg = Release|Any CPU
		{8462D10F-59CC-438A-AB2E-7B5FCFDF3491}.Ad-Hoc|x64.Build.0 = Release|Any CPU
		{8462D10F-59CC-438A-AB2E-7B5FCFDF3491}.Ad-Hoc|x64.Deploy.0 = Release|Any CPU
		{8462D10F-59CC-438A-AB2E-7B5FCFDF3491}.Ad-Hoc|x86.ActiveCfg = Release|Any CPU
		{8462D10F-59CC-438A-AB2E-7B5FCFDF3491}.Ad-Hoc|x86.Build.0 = Release|Any CPU
		{8462D10F-59CC-438A-AB2E-7B5FCFDF3491}.Ad-Hoc|x86.Deploy.0 = Release|Any CPU
		{8462D10F-59CC-438A-AB2E-7B5FCFDF3491}.AppStore|Any CPU.ActiveCfg = Release|Any CPU
		{8462D10F-59CC-438A-AB2E-7B5FCFDF3491}.AppStore|Any CPU.Build.0 = Release|Any CPU
		{8462D10F-59CC-438A-AB2E-7B5FCFDF3491}.AppStore|Any CPU.Deploy.0 = Release|Any CPU
		{8462D10F-59CC-438A-AB2E-7B5FCFDF3491}.AppStore|ARM.ActiveCfg = Release|Any CPU
		{8462D10F-59CC-438A-AB2E-7B5FCFDF3491}.AppStore|ARM.Build.0 = Release|Any CPU
		{8462D10F-59CC-438A-AB2E-7B5FCFDF3491}.AppStore|ARM.Deploy.0 = Release|Any CPU
		{8462D10F-59CC-438A-AB2E-7B5FCFDF3491}.AppStore|iPhone.ActiveCfg = Release|Any CPU
		{8462D10F-59CC-438A-AB2E-7B5FCFDF3491}.AppStore|iPhone.Build.0 = Release|Any CPU
		{8462D10F-59CC-438A-AB2E-7B5FCFDF3491}.AppStore|iPhone.Deploy.0 = Release|Any CPU
		{8462D10F-59CC-438A-AB2E-7B5FCFDF3491}.AppStore|iPhoneSimulator.ActiveCfg = Release|Any CPU
		{8462D10F-59CC-438A-AB2E-7B5FCFDF3491}.AppStore|iPhoneSimulator.Build.0 = Release|Any CPU
		{8462D10F-59CC-438A-AB2E-7B5FCFDF3491}.AppStore|iPhoneSimulator.Deploy.0 = Release|Any CPU
		{8462D10F-59CC-438A-AB2E-7B5FCFDF3491}.AppStore|x64.ActiveCfg = Release|Any CPU
		{8462D10F-59CC-438A-AB2E-7B5FCFDF3491}.AppStore|x64.Build.0 = Release|Any CPU
		{8462D10F-59CC-438A-AB2E-7B5FCFDF3491}.AppStore|x64.Deploy.0 = Release|Any CPU
		{8462D10F-59CC-438A-AB2E-7B5FCFDF3491}.AppStore|x86.ActiveCfg = Release|Any CPU
		{8462D10F-59CC-438A-AB2E-7B5FCFDF3491}.AppStore|x86.Build.0 = Release|Any CPU
		{8462D10F-59CC-438A-AB2E-7B5FCFDF3491}.AppStore|x86.Deploy.0 = Release|Any CPU
		{8462D10F-59CC-438A-AB2E-7B5FCFDF3491}.Debug|Any CPU.ActiveCfg = Debug|Any CPU
		{8462D10F-59CC-438A-AB2E-7B5FCFDF3491}.Debug|Any CPU.Build.0 = Debug|Any CPU
		{8462D10F-59CC-438A-AB2E-7B5FCFDF3491}.Debug|Any CPU.Deploy.0 = Debug|Any CPU
		{8462D10F-59CC-438A-AB2E-7B5FCFDF3491}.Debug|ARM.ActiveCfg = Debug|Any CPU
		{8462D10F-59CC-438A-AB2E-7B5FCFDF3491}.Debug|ARM.Build.0 = Debug|Any CPU
		{8462D10F-59CC-438A-AB2E-7B5FCFDF3491}.Debug|ARM.Deploy.0 = Debug|Any CPU
		{8462D10F-59CC-438A-AB2E-7B5FCFDF3491}.Debug|iPhone.ActiveCfg = Debug|Any CPU
		{8462D10F-59CC-438A-AB2E-7B5FCFDF3491}.Debug|iPhone.Build.0 = Debug|Any CPU
		{8462D10F-59CC-438A-AB2E-7B5FCFDF3491}.Debug|iPhone.Deploy.0 = Debug|Any CPU
		{8462D10F-59CC-438A-AB2E-7B5FCFDF3491}.Debug|iPhoneSimulator.ActiveCfg = Debug|Any CPU
		{8462D10F-59CC-438A-AB2E-7B5FCFDF3491}.Debug|iPhoneSimulator.Build.0 = Debug|Any CPU
		{8462D10F-59CC-438A-AB2E-7B5FCFDF3491}.Debug|iPhoneSimulator.Deploy.0 = Debug|Any CPU
		{8462D10F-59CC-438A-AB2E-7B5FCFDF3491}.Debug|x64.ActiveCfg = Debug|Any CPU
		{8462D10F-59CC-438A-AB2E-7B5FCFDF3491}.Debug|x64.Build.0 = Debug|Any CPU
		{8462D10F-59CC-438A-AB2E-7B5FCFDF3491}.Debug|x64.Deploy.0 = Debug|Any CPU
		{8462D10F-59CC-438A-AB2E-7B5FCFDF3491}.Debug|x86.ActiveCfg = Debug|Any CPU
		{8462D10F-59CC-438A-AB2E-7B5FCFDF3491}.Debug|x86.Build.0 = Debug|Any CPU
		{8462D10F-59CC-438A-AB2E-7B5FCFDF3491}.Debug|x86.Deploy.0 = Debug|Any CPU
		{8462D10F-59CC-438A-AB2E-7B5FCFDF3491}.Release|Any CPU.ActiveCfg = Release|Any CPU
		{8462D10F-59CC-438A-AB2E-7B5FCFDF3491}.Release|Any CPU.Build.0 = Release|Any CPU
		{8462D10F-59CC-438A-AB2E-7B5FCFDF3491}.Release|Any CPU.Deploy.0 = Release|Any CPU
		{8462D10F-59CC-438A-AB2E-7B5FCFDF3491}.Release|ARM.ActiveCfg = Release|Any CPU
		{8462D10F-59CC-438A-AB2E-7B5FCFDF3491}.Release|ARM.Build.0 = Release|Any CPU
		{8462D10F-59CC-438A-AB2E-7B5FCFDF3491}.Release|ARM.Deploy.0 = Release|Any CPU
		{8462D10F-59CC-438A-AB2E-7B5FCFDF3491}.Release|iPhone.ActiveCfg = Release|Any CPU
		{8462D10F-59CC-438A-AB2E-7B5FCFDF3491}.Release|iPhone.Build.0 = Release|Any CPU
		{8462D10F-59CC-438A-AB2E-7B5FCFDF3491}.Release|iPhone.Deploy.0 = Release|Any CPU
		{8462D10F-59CC-438A-AB2E-7B5FCFDF3491}.Release|iPhoneSimulator.ActiveCfg = Release|Any CPU
		{8462D10F-59CC-438A-AB2E-7B5FCFDF3491}.Release|iPhoneSimulator.Build.0 = Release|Any CPU
		{8462D10F-59CC-438A-AB2E-7B5FCFDF3491}.Release|iPhoneSimulator.Deploy.0 = Release|Any CPU
		{8462D10F-59CC-438A-AB2E-7B5FCFDF3491}.Release|x64.ActiveCfg = Release|Any CPU
		{8462D10F-59CC-438A-AB2E-7B5FCFDF3491}.Release|x64.Build.0 = Release|Any CPU
		{8462D10F-59CC-438A-AB2E-7B5FCFDF3491}.Release|x64.Deploy.0 = Release|Any CPU
		{8462D10F-59CC-438A-AB2E-7B5FCFDF3491}.Release|x86.ActiveCfg = Release|Any CPU
		{8462D10F-59CC-438A-AB2E-7B5FCFDF3491}.Release|x86.Build.0 = Release|Any CPU
		{8462D10F-59CC-438A-AB2E-7B5FCFDF3491}.Release|x86.Deploy.0 = Release|Any CPU
		{DEEC8925-D3DD-4266-9F20-88BBFE843633}.Ad-Hoc|Any CPU.ActiveCfg = Ad-Hoc|iPhone
		{DEEC8925-D3DD-4266-9F20-88BBFE843633}.Ad-Hoc|Any CPU.Build.0 = Ad-Hoc|iPhone
		{DEEC8925-D3DD-4266-9F20-88BBFE843633}.Ad-Hoc|Any CPU.Deploy.0 = Ad-Hoc|iPhone
		{DEEC8925-D3DD-4266-9F20-88BBFE843633}.Ad-Hoc|ARM.ActiveCfg = Ad-Hoc|iPhone
		{DEEC8925-D3DD-4266-9F20-88BBFE843633}.Ad-Hoc|ARM.Build.0 = Ad-Hoc|iPhone
		{DEEC8925-D3DD-4266-9F20-88BBFE843633}.Ad-Hoc|ARM.Deploy.0 = Ad-Hoc|iPhone
		{DEEC8925-D3DD-4266-9F20-88BBFE843633}.Ad-Hoc|iPhone.ActiveCfg = Ad-Hoc|iPhone
		{DEEC8925-D3DD-4266-9F20-88BBFE843633}.Ad-Hoc|iPhone.Build.0 = Ad-Hoc|iPhone
		{DEEC8925-D3DD-4266-9F20-88BBFE843633}.Ad-Hoc|iPhone.Deploy.0 = Ad-Hoc|iPhone
		{DEEC8925-D3DD-4266-9F20-88BBFE843633}.Ad-Hoc|iPhoneSimulator.ActiveCfg = Ad-Hoc|iPhoneSimulator
		{DEEC8925-D3DD-4266-9F20-88BBFE843633}.Ad-Hoc|iPhoneSimulator.Build.0 = Ad-Hoc|iPhoneSimulator
		{DEEC8925-D3DD-4266-9F20-88BBFE843633}.Ad-Hoc|iPhoneSimulator.Deploy.0 = Ad-Hoc|iPhoneSimulator
		{DEEC8925-D3DD-4266-9F20-88BBFE843633}.Ad-Hoc|x64.ActiveCfg = Ad-Hoc|iPhone
		{DEEC8925-D3DD-4266-9F20-88BBFE843633}.Ad-Hoc|x64.Build.0 = Ad-Hoc|iPhone
		{DEEC8925-D3DD-4266-9F20-88BBFE843633}.Ad-Hoc|x64.Deploy.0 = Ad-Hoc|iPhone
		{DEEC8925-D3DD-4266-9F20-88BBFE843633}.Ad-Hoc|x86.ActiveCfg = Ad-Hoc|iPhone
		{DEEC8925-D3DD-4266-9F20-88BBFE843633}.Ad-Hoc|x86.Build.0 = Ad-Hoc|iPhone
		{DEEC8925-D3DD-4266-9F20-88BBFE843633}.Ad-Hoc|x86.Deploy.0 = Ad-Hoc|iPhone
		{DEEC8925-D3DD-4266-9F20-88BBFE843633}.AppStore|Any CPU.ActiveCfg = AppStore|iPhone
		{DEEC8925-D3DD-4266-9F20-88BBFE843633}.AppStore|Any CPU.Build.0 = AppStore|iPhone
		{DEEC8925-D3DD-4266-9F20-88BBFE843633}.AppStore|Any CPU.Deploy.0 = AppStore|iPhone
		{DEEC8925-D3DD-4266-9F20-88BBFE843633}.AppStore|ARM.ActiveCfg = AppStore|iPhone
		{DEEC8925-D3DD-4266-9F20-88BBFE843633}.AppStore|ARM.Build.0 = AppStore|iPhone
		{DEEC8925-D3DD-4266-9F20-88BBFE843633}.AppStore|ARM.Deploy.0 = AppStore|iPhone
		{DEEC8925-D3DD-4266-9F20-88BBFE843633}.AppStore|iPhone.ActiveCfg = AppStore|iPhone
		{DEEC8925-D3DD-4266-9F20-88BBFE843633}.AppStore|iPhone.Build.0 = AppStore|iPhone
		{DEEC8925-D3DD-4266-9F20-88BBFE843633}.AppStore|iPhone.Deploy.0 = AppStore|iPhone
		{DEEC8925-D3DD-4266-9F20-88BBFE843633}.AppStore|iPhoneSimulator.ActiveCfg = AppStore|iPhoneSimulator
		{DEEC8925-D3DD-4266-9F20-88BBFE843633}.AppStore|iPhoneSimulator.Build.0 = AppStore|iPhoneSimulator
		{DEEC8925-D3DD-4266-9F20-88BBFE843633}.AppStore|iPhoneSimulator.Deploy.0 = AppStore|iPhoneSimulator
		{DEEC8925-D3DD-4266-9F20-88BBFE843633}.AppStore|x64.ActiveCfg = AppStore|iPhone
		{DEEC8925-D3DD-4266-9F20-88BBFE843633}.AppStore|x64.Build.0 = AppStore|iPhone
		{DEEC8925-D3DD-4266-9F20-88BBFE843633}.AppStore|x64.Deploy.0 = AppStore|iPhone
		{DEEC8925-D3DD-4266-9F20-88BBFE843633}.AppStore|x86.ActiveCfg = AppStore|iPhone
		{DEEC8925-D3DD-4266-9F20-88BBFE843633}.AppStore|x86.Build.0 = AppStore|iPhone
		{DEEC8925-D3DD-4266-9F20-88BBFE843633}.AppStore|x86.Deploy.0 = AppStore|iPhone
		{DEEC8925-D3DD-4266-9F20-88BBFE843633}.Debug|Any CPU.ActiveCfg = Debug|iPhoneSimulator
		{DEEC8925-D3DD-4266-9F20-88BBFE843633}.Debug|Any CPU.Build.0 = Debug|iPhoneSimulator
		{DEEC8925-D3DD-4266-9F20-88BBFE843633}.Debug|Any CPU.Deploy.0 = Debug|iPhoneSimulator
		{DEEC8925-D3DD-4266-9F20-88BBFE843633}.Debug|ARM.ActiveCfg = Debug|iPhone
		{DEEC8925-D3DD-4266-9F20-88BBFE843633}.Debug|ARM.Build.0 = Debug|iPhone
		{DEEC8925-D3DD-4266-9F20-88BBFE843633}.Debug|ARM.Deploy.0 = Debug|iPhone
		{DEEC8925-D3DD-4266-9F20-88BBFE843633}.Debug|iPhone.ActiveCfg = Debug|iPhone
		{DEEC8925-D3DD-4266-9F20-88BBFE843633}.Debug|iPhone.Build.0 = Debug|iPhone
		{DEEC8925-D3DD-4266-9F20-88BBFE843633}.Debug|iPhone.Deploy.0 = Debug|iPhone
		{DEEC8925-D3DD-4266-9F20-88BBFE843633}.Debug|iPhoneSimulator.ActiveCfg = Debug|iPhoneSimulator
		{DEEC8925-D3DD-4266-9F20-88BBFE843633}.Debug|iPhoneSimulator.Build.0 = Debug|iPhoneSimulator
		{DEEC8925-D3DD-4266-9F20-88BBFE843633}.Debug|iPhoneSimulator.Deploy.0 = Debug|iPhoneSimulator
		{DEEC8925-D3DD-4266-9F20-88BBFE843633}.Debug|x64.ActiveCfg = Debug|iPhone
		{DEEC8925-D3DD-4266-9F20-88BBFE843633}.Debug|x64.Build.0 = Debug|iPhone
		{DEEC8925-D3DD-4266-9F20-88BBFE843633}.Debug|x64.Deploy.0 = Debug|iPhone
		{DEEC8925-D3DD-4266-9F20-88BBFE843633}.Debug|x86.ActiveCfg = Debug|iPhone
		{DEEC8925-D3DD-4266-9F20-88BBFE843633}.Debug|x86.Build.0 = Debug|iPhone
		{DEEC8925-D3DD-4266-9F20-88BBFE843633}.Debug|x86.Deploy.0 = Debug|iPhone
		{DEEC8925-D3DD-4266-9F20-88BBFE843633}.Release|Any CPU.ActiveCfg = Release|iPhone
		{DEEC8925-D3DD-4266-9F20-88BBFE843633}.Release|Any CPU.Build.0 = Release|iPhone
		{DEEC8925-D3DD-4266-9F20-88BBFE843633}.Release|Any CPU.Deploy.0 = Release|iPhone
		{DEEC8925-D3DD-4266-9F20-88BBFE843633}.Release|ARM.ActiveCfg = Release|iPhone
		{DEEC8925-D3DD-4266-9F20-88BBFE843633}.Release|ARM.Build.0 = Release|iPhone
		{DEEC8925-D3DD-4266-9F20-88BBFE843633}.Release|ARM.Deploy.0 = Release|iPhone
		{DEEC8925-D3DD-4266-9F20-88BBFE843633}.Release|iPhone.ActiveCfg = Release|iPhone
		{DEEC8925-D3DD-4266-9F20-88BBFE843633}.Release|iPhone.Build.0 = Release|iPhone
		{DEEC8925-D3DD-4266-9F20-88BBFE843633}.Release|iPhone.Deploy.0 = Release|iPhone
		{DEEC8925-D3DD-4266-9F20-88BBFE843633}.Release|iPhoneSimulator.ActiveCfg = Release|iPhoneSimulator
		{DEEC8925-D3DD-4266-9F20-88BBFE843633}.Release|iPhoneSimulator.Build.0 = Release|iPhoneSimulator
		{DEEC8925-D3DD-4266-9F20-88BBFE843633}.Release|iPhoneSimulator.Deploy.0 = Release|iPhoneSimulator
		{DEEC8925-D3DD-4266-9F20-88BBFE843633}.Release|x64.ActiveCfg = Release|iPhone
		{DEEC8925-D3DD-4266-9F20-88BBFE843633}.Release|x64.Build.0 = Release|iPhone
		{DEEC8925-D3DD-4266-9F20-88BBFE843633}.Release|x64.Deploy.0 = Release|iPhone
		{DEEC8925-D3DD-4266-9F20-88BBFE843633}.Release|x86.ActiveCfg = Release|iPhone
		{DEEC8925-D3DD-4266-9F20-88BBFE843633}.Release|x86.Build.0 = Release|iPhone
		{DEEC8925-D3DD-4266-9F20-88BBFE843633}.Release|x86.Deploy.0 = Release|iPhone
		{924D5A33-7313-4740-98FC-F955F89744E5}.Ad-Hoc|Any CPU.ActiveCfg = Release|x86
		{924D5A33-7313-4740-98FC-F955F89744E5}.Ad-Hoc|Any CPU.Build.0 = Release|x86
		{924D5A33-7313-4740-98FC-F955F89744E5}.Ad-Hoc|Any CPU.Deploy.0 = Release|x86
		{924D5A33-7313-4740-98FC-F955F89744E5}.Ad-Hoc|ARM.ActiveCfg = Release|ARM
		{924D5A33-7313-4740-98FC-F955F89744E5}.Ad-Hoc|ARM.Build.0 = Release|ARM
		{924D5A33-7313-4740-98FC-F955F89744E5}.Ad-Hoc|ARM.Deploy.0 = Release|ARM
		{924D5A33-7313-4740-98FC-F955F89744E5}.Ad-Hoc|iPhone.ActiveCfg = Release|x86
		{924D5A33-7313-4740-98FC-F955F89744E5}.Ad-Hoc|iPhone.Build.0 = Release|x86
		{924D5A33-7313-4740-98FC-F955F89744E5}.Ad-Hoc|iPhone.Deploy.0 = Release|x86
		{924D5A33-7313-4740-98FC-F955F89744E5}.Ad-Hoc|iPhoneSimulator.ActiveCfg = Release|x86
		{924D5A33-7313-4740-98FC-F955F89744E5}.Ad-Hoc|iPhoneSimulator.Build.0 = Release|x86
		{924D5A33-7313-4740-98FC-F955F89744E5}.Ad-Hoc|iPhoneSimulator.Deploy.0 = Release|x86
		{924D5A33-7313-4740-98FC-F955F89744E5}.Ad-Hoc|x64.ActiveCfg = Release|x64
		{924D5A33-7313-4740-98FC-F955F89744E5}.Ad-Hoc|x64.Build.0 = Release|x64
		{924D5A33-7313-4740-98FC-F955F89744E5}.Ad-Hoc|x64.Deploy.0 = Release|x64
		{924D5A33-7313-4740-98FC-F955F89744E5}.Ad-Hoc|x86.ActiveCfg = Release|x86
		{924D5A33-7313-4740-98FC-F955F89744E5}.Ad-Hoc|x86.Build.0 = Release|x86
		{924D5A33-7313-4740-98FC-F955F89744E5}.Ad-Hoc|x86.Deploy.0 = Release|x86
		{924D5A33-7313-4740-98FC-F955F89744E5}.AppStore|Any CPU.ActiveCfg = Release|x86
		{924D5A33-7313-4740-98FC-F955F89744E5}.AppStore|Any CPU.Build.0 = Release|x86
		{924D5A33-7313-4740-98FC-F955F89744E5}.AppStore|Any CPU.Deploy.0 = Release|x86
		{924D5A33-7313-4740-98FC-F955F89744E5}.AppStore|ARM.ActiveCfg = Release|ARM
		{924D5A33-7313-4740-98FC-F955F89744E5}.AppStore|ARM.Build.0 = Release|ARM
		{924D5A33-7313-4740-98FC-F955F89744E5}.AppStore|ARM.Deploy.0 = Release|ARM
		{924D5A33-7313-4740-98FC-F955F89744E5}.AppStore|iPhone.ActiveCfg = Release|x86
		{924D5A33-7313-4740-98FC-F955F89744E5}.AppStore|iPhone.Build.0 = Release|x86
		{924D5A33-7313-4740-98FC-F955F89744E5}.AppStore|iPhone.Deploy.0 = Release|x86
		{924D5A33-7313-4740-98FC-F955F89744E5}.AppStore|iPhoneSimulator.ActiveCfg = Release|x86
		{924D5A33-7313-4740-98FC-F955F89744E5}.AppStore|iPhoneSimulator.Build.0 = Release|x86
		{924D5A33-7313-4740-98FC-F955F89744E5}.AppStore|iPhoneSimulator.Deploy.0 = Release|x86
		{924D5A33-7313-4740-98FC-F955F89744E5}.AppStore|x64.ActiveCfg = Release|x64
		{924D5A33-7313-4740-98FC-F955F89744E5}.AppStore|x64.Build.0 = Release|x64
		{924D5A33-7313-4740-98FC-F955F89744E5}.AppStore|x64.Deploy.0 = Release|x64
		{924D5A33-7313-4740-98FC-F955F89744E5}.AppStore|x86.ActiveCfg = Release|x86
		{924D5A33-7313-4740-98FC-F955F89744E5}.AppStore|x86.Build.0 = Release|x86
		{924D5A33-7313-4740-98FC-F955F89744E5}.AppStore|x86.Deploy.0 = Release|x86
		{924D5A33-7313-4740-98FC-F955F89744E5}.Debug|Any CPU.ActiveCfg = Debug|x86
		{924D5A33-7313-4740-98FC-F955F89744E5}.Debug|Any CPU.Build.0 = Debug|x86
		{924D5A33-7313-4740-98FC-F955F89744E5}.Debug|Any CPU.Deploy.0 = Debug|x86
		{924D5A33-7313-4740-98FC-F955F89744E5}.Debug|ARM.ActiveCfg = Debug|ARM
		{924D5A33-7313-4740-98FC-F955F89744E5}.Debug|ARM.Build.0 = Debug|ARM
		{924D5A33-7313-4740-98FC-F955F89744E5}.Debug|ARM.Deploy.0 = Debug|ARM
		{924D5A33-7313-4740-98FC-F955F89744E5}.Debug|iPhone.ActiveCfg = Debug|x86
		{924D5A33-7313-4740-98FC-F955F89744E5}.Debug|iPhone.Build.0 = Debug|x86
		{924D5A33-7313-4740-98FC-F955F89744E5}.Debug|iPhone.Deploy.0 = Debug|x86
		{924D5A33-7313-4740-98FC-F955F89744E5}.Debug|iPhoneSimulator.ActiveCfg = Debug|x86
		{924D5A33-7313-4740-98FC-F955F89744E5}.Debug|iPhoneSimulator.Build.0 = Debug|x86
		{924D5A33-7313-4740-98FC-F955F89744E5}.Debug|iPhoneSimulator.Deploy.0 = Debug|x86
		{924D5A33-7313-4740-98FC-F955F89744E5}.Debug|x64.ActiveCfg = Debug|x64
		{924D5A33-7313-4740-98FC-F955F89744E5}.Debug|x64.Build.0 = Debug|x64
		{924D5A33-7313-4740-98FC-F955F89744E5}.Debug|x64.Deploy.0 = Debug|x64
		{924D5A33-7313-4740-98FC-F955F89744E5}.Debug|x86.ActiveCfg = Debug|x86
		{924D5A33-7313-4740-98FC-F955F89744E5}.Debug|x86.Build.0 = Debug|x86
		{924D5A33-7313-4740-98FC-F955F89744E5}.Debug|x86.Deploy.0 = Debug|x86
		{924D5A33-7313-4740-98FC-F955F89744E5}.Release|Any CPU.ActiveCfg = Release|x86
		{924D5A33-7313-4740-98FC-F955F89744E5}.Release|Any CPU.Build.0 = Release|x86
		{924D5A33-7313-4740-98FC-F955F89744E5}.Release|Any CPU.Deploy.0 = Release|x86
		{924D5A33-7313-4740-98FC-F955F89744E5}.Release|ARM.ActiveCfg = Release|ARM
		{924D5A33-7313-4740-98FC-F955F89744E5}.Release|ARM.Build.0 = Release|ARM
		{924D5A33-7313-4740-98FC-F955F89744E5}.Release|ARM.Deploy.0 = Release|ARM
		{924D5A33-7313-4740-98FC-F955F89744E5}.Release|iPhone.ActiveCfg = Release|x86
		{924D5A33-7313-4740-98FC-F955F89744E5}.Release|iPhone.Build.0 = Release|x86
		{924D5A33-7313-4740-98FC-F955F89744E5}.Release|iPhone.Deploy.0 = Release|x86
		{924D5A33-7313-4740-98FC-F955F89744E5}.Release|iPhoneSimulator.ActiveCfg = Release|x86
		{924D5A33-7313-4740-98FC-F955F89744E5}.Release|iPhoneSimulator.Build.0 = Release|x86
		{924D5A33-7313-4740-98FC-F955F89744E5}.Release|iPhoneSimulator.Deploy.0 = Release|x86
		{924D5A33-7313-4740-98FC-F955F89744E5}.Release|x64.ActiveCfg = Release|x64
		{924D5A33-7313-4740-98FC-F955F89744E5}.Release|x64.Build.0 = Release|x64
		{924D5A33-7313-4740-98FC-F955F89744E5}.Release|x64.Deploy.0 = Release|x64
		{924D5A33-7313-4740-98FC-F955F89744E5}.Release|x86.ActiveCfg = Release|x86
		{924D5A33-7313-4740-98FC-F955F89744E5}.Release|x86.Build.0 = Release|x86
		{924D5A33-7313-4740-98FC-F955F89744E5}.Release|x86.Deploy.0 = Release|x86
		{F471FECA-31C8-4195-8BE8-982DC14C37C8}.Ad-Hoc|Any CPU.ActiveCfg = Debug|Any CPU
		{F471FECA-31C8-4195-8BE8-982DC14C37C8}.Ad-Hoc|Any CPU.Build.0 = Debug|Any CPU
		{F471FECA-31C8-4195-8BE8-982DC14C37C8}.Ad-Hoc|Any CPU.Deploy.0 = Debug|Any CPU
		{F471FECA-31C8-4195-8BE8-982DC14C37C8}.Ad-Hoc|ARM.ActiveCfg = Debug|Any CPU
		{F471FECA-31C8-4195-8BE8-982DC14C37C8}.Ad-Hoc|ARM.Build.0 = Debug|Any CPU
		{F471FECA-31C8-4195-8BE8-982DC14C37C8}.Ad-Hoc|ARM.Deploy.0 = Debug|Any CPU
		{F471FECA-31C8-4195-8BE8-982DC14C37C8}.Ad-Hoc|iPhone.ActiveCfg = Debug|Any CPU
		{F471FECA-31C8-4195-8BE8-982DC14C37C8}.Ad-Hoc|iPhone.Build.0 = Debug|Any CPU
		{F471FECA-31C8-4195-8BE8-982DC14C37C8}.Ad-Hoc|iPhone.Deploy.0 = Debug|Any CPU
		{F471FECA-31C8-4195-8BE8-982DC14C37C8}.Ad-Hoc|iPhoneSimulator.ActiveCfg = Debug|Any CPU
		{F471FECA-31C8-4195-8BE8-982DC14C37C8}.Ad-Hoc|iPhoneSimulator.Build.0 = Debug|Any CPU
		{F471FECA-31C8-4195-8BE8-982DC14C37C8}.Ad-Hoc|iPhoneSimulator.Deploy.0 = Debug|Any CPU
		{F471FECA-31C8-4195-8BE8-982DC14C37C8}.Ad-Hoc|x64.ActiveCfg = Debug|Any CPU
		{F471FECA-31C8-4195-8BE8-982DC14C37C8}.Ad-Hoc|x64.Build.0 = Debug|Any CPU
		{F471FECA-31C8-4195-8BE8-982DC14C37C8}.Ad-Hoc|x64.Deploy.0 = Debug|Any CPU
		{F471FECA-31C8-4195-8BE8-982DC14C37C8}.Ad-Hoc|x86.ActiveCfg = Debug|Any CPU
		{F471FECA-31C8-4195-8BE8-982DC14C37C8}.Ad-Hoc|x86.Build.0 = Debug|Any CPU
		{F471FECA-31C8-4195-8BE8-982DC14C37C8}.Ad-Hoc|x86.Deploy.0 = Debug|Any CPU
		{F471FECA-31C8-4195-8BE8-982DC14C37C8}.AppStore|Any CPU.ActiveCfg = Debug|Any CPU
		{F471FECA-31C8-4195-8BE8-982DC14C37C8}.AppStore|Any CPU.Build.0 = Debug|Any CPU
		{F471FECA-31C8-4195-8BE8-982DC14C37C8}.AppStore|Any CPU.Deploy.0 = Debug|Any CPU
		{F471FECA-31C8-4195-8BE8-982DC14C37C8}.AppStore|ARM.ActiveCfg = Debug|Any CPU
		{F471FECA-31C8-4195-8BE8-982DC14C37C8}.AppStore|ARM.Build.0 = Debug|Any CPU
		{F471FECA-31C8-4195-8BE8-982DC14C37C8}.AppStore|ARM.Deploy.0 = Debug|Any CPU
		{F471FECA-31C8-4195-8BE8-982DC14C37C8}.AppStore|iPhone.ActiveCfg = Debug|Any CPU
		{F471FECA-31C8-4195-8BE8-982DC14C37C8}.AppStore|iPhone.Build.0 = Debug|Any CPU
		{F471FECA-31C8-4195-8BE8-982DC14C37C8}.AppStore|iPhone.Deploy.0 = Debug|Any CPU
		{F471FECA-31C8-4195-8BE8-982DC14C37C8}.AppStore|iPhoneSimulator.ActiveCfg = Debug|Any CPU
		{F471FECA-31C8-4195-8BE8-982DC14C37C8}.AppStore|iPhoneSimulator.Build.0 = Debug|Any CPU
		{F471FECA-31C8-4195-8BE8-982DC14C37C8}.AppStore|iPhoneSimulator.Deploy.0 = Debug|Any CPU
		{F471FECA-31C8-4195-8BE8-982DC14C37C8}.AppStore|x64.ActiveCfg = Debug|Any CPU
		{F471FECA-31C8-4195-8BE8-982DC14C37C8}.AppStore|x64.Build.0 = Debug|Any CPU
		{F471FECA-31C8-4195-8BE8-982DC14C37C8}.AppStore|x64.Deploy.0 = Debug|Any CPU
		{F471FECA-31C8-4195-8BE8-982DC14C37C8}.AppStore|x86.ActiveCfg = Debug|Any CPU
		{F471FECA-31C8-4195-8BE8-982DC14C37C8}.AppStore|x86.Build.0 = Debug|Any CPU
		{F471FECA-31C8-4195-8BE8-982DC14C37C8}.AppStore|x86.Deploy.0 = Debug|Any CPU
		{F471FECA-31C8-4195-8BE8-982DC14C37C8}.Debug|Any CPU.ActiveCfg = Debug|Any CPU
		{F471FECA-31C8-4195-8BE8-982DC14C37C8}.Debug|Any CPU.Build.0 = Debug|Any CPU
		{F471FECA-31C8-4195-8BE8-982DC14C37C8}.Debug|Any CPU.Deploy.0 = Debug|Any CPU
		{F471FECA-31C8-4195-8BE8-982DC14C37C8}.Debug|ARM.ActiveCfg = Debug|Any CPU
		{F471FECA-31C8-4195-8BE8-982DC14C37C8}.Debug|ARM.Build.0 = Debug|Any CPU
		{F471FECA-31C8-4195-8BE8-982DC14C37C8}.Debug|ARM.Deploy.0 = Debug|Any CPU
		{F471FECA-31C8-4195-8BE8-982DC14C37C8}.Debug|iPhone.ActiveCfg = Debug|Any CPU
		{F471FECA-31C8-4195-8BE8-982DC14C37C8}.Debug|iPhone.Build.0 = Debug|Any CPU
		{F471FECA-31C8-4195-8BE8-982DC14C37C8}.Debug|iPhone.Deploy.0 = Debug|Any CPU
		{F471FECA-31C8-4195-8BE8-982DC14C37C8}.Debug|iPhoneSimulator.ActiveCfg = Debug|Any CPU
		{F471FECA-31C8-4195-8BE8-982DC14C37C8}.Debug|iPhoneSimulator.Build.0 = Debug|Any CPU
		{F471FECA-31C8-4195-8BE8-982DC14C37C8}.Debug|iPhoneSimulator.Deploy.0 = Debug|Any CPU
		{F471FECA-31C8-4195-8BE8-982DC14C37C8}.Debug|x64.ActiveCfg = Debug|Any CPU
		{F471FECA-31C8-4195-8BE8-982DC14C37C8}.Debug|x64.Build.0 = Debug|Any CPU
		{F471FECA-31C8-4195-8BE8-982DC14C37C8}.Debug|x64.Deploy.0 = Debug|Any CPU
		{F471FECA-31C8-4195-8BE8-982DC14C37C8}.Debug|x86.ActiveCfg = Debug|Any CPU
		{F471FECA-31C8-4195-8BE8-982DC14C37C8}.Debug|x86.Build.0 = Debug|Any CPU
		{F471FECA-31C8-4195-8BE8-982DC14C37C8}.Debug|x86.Deploy.0 = Debug|Any CPU
		{F471FECA-31C8-4195-8BE8-982DC14C37C8}.Release|Any CPU.ActiveCfg = Release|Any CPU
		{F471FECA-31C8-4195-8BE8-982DC14C37C8}.Release|Any CPU.Build.0 = Release|Any CPU
		{F471FECA-31C8-4195-8BE8-982DC14C37C8}.Release|Any CPU.Deploy.0 = Release|Any CPU
		{F471FECA-31C8-4195-8BE8-982DC14C37C8}.Release|ARM.ActiveCfg = Release|Any CPU
		{F471FECA-31C8-4195-8BE8-982DC14C37C8}.Release|ARM.Build.0 = Release|Any CPU
		{F471FECA-31C8-4195-8BE8-982DC14C37C8}.Release|ARM.Deploy.0 = Release|Any CPU
		{F471FECA-31C8-4195-8BE8-982DC14C37C8}.Release|iPhone.ActiveCfg = Release|Any CPU
		{F471FECA-31C8-4195-8BE8-982DC14C37C8}.Release|iPhone.Build.0 = Release|Any CPU
		{F471FECA-31C8-4195-8BE8-982DC14C37C8}.Release|iPhone.Deploy.0 = Release|Any CPU
		{F471FECA-31C8-4195-8BE8-982DC14C37C8}.Release|iPhoneSimulator.ActiveCfg = Release|Any CPU
		{F471FECA-31C8-4195-8BE8-982DC14C37C8}.Release|iPhoneSimulator.Build.0 = Release|Any CPU
		{F471FECA-31C8-4195-8BE8-982DC14C37C8}.Release|iPhoneSimulator.Deploy.0 = Release|Any CPU
		{F471FECA-31C8-4195-8BE8-982DC14C37C8}.Release|x64.ActiveCfg = Release|Any CPU
		{F471FECA-31C8-4195-8BE8-982DC14C37C8}.Release|x64.Build.0 = Release|Any CPU
		{F471FECA-31C8-4195-8BE8-982DC14C37C8}.Release|x64.Deploy.0 = Release|Any CPU
		{F471FECA-31C8-4195-8BE8-982DC14C37C8}.Release|x86.ActiveCfg = Release|Any CPU
		{F471FECA-31C8-4195-8BE8-982DC14C37C8}.Release|x86.Build.0 = Release|Any CPU
		{F471FECA-31C8-4195-8BE8-982DC14C37C8}.Release|x86.Deploy.0 = Release|Any CPU
	EndGlobalSection
	GlobalSection(SolutionProperties) = preSolution
		HideSolutionNode = FALSE
	EndGlobalSection
	GlobalSection(ExtensibilityGlobals) = postSolution
		SolutionGuid = {80AD89A3-CF58-4DD7-B819-777D6EFCF776}
	EndGlobalSection
EndGlobal
